
Microsoft Visual Studio Solution File, Format Version 12.00
# Visual Studio 2015
Project("{FAE04EC0-301F-11D3-BF4B-00C04F79EFBC}") = "LambInventorySystem.CSharp", "LambInventorySystem.CSharp.csproj", "{AFC7C42A-F80B-5597-1B73-0DA3B6DCCDDA}"
EndProject
Project("{FAE04EC0-301F-11D3-BF4B-00C04F79EFBC}") = "LambInventorySystem.CSharp.Editor", "LambInventorySystem.CSharp.Editor.csproj", "{53BADD5C-F9DB-F161-1E1D-6DD5027DC24D}"
EndProject
Global
	GlobalSection(SolutionConfigurationPlatforms) = preSolution
		Debug|Any CPU = Debug|Any CPU
		Release|Any CPU = Release|Any CPU
	EndGlobalSection
	GlobalSection(ProjectConfigurationPlatforms) = postSolution
		{AFC7C42A-F80B-5597-1B73-0DA3B6DCCDDA}.Debug|Any CPU.ActiveCfg = Debug|Any CPU
		{AFC7C42A-F80B-5597-1B73-0DA3B6DCCDDA}.Debug|Any CPU.Build.0 = Debug|Any CPU
		{AFC7C42A-F80B-5597-1B73-0DA3B6DCCDDA}.Release|Any CPU.ActiveCfg = Release|Any CPU
		{AFC7C42A-F80B-5597-1B73-0DA3B6DCCDDA}.Release|Any CPU.Build.0 = Release|Any CPU
		{53BADD5C-F9DB-F161-1E1D-6DD5027DC24D}.Debug|Any CPU.ActiveCfg = Debug|Any CPU
		{53BADD5C-F9DB-F161-1E1D-6DD5027DC24D}.Debug|Any CPU.Build.0 = Debug|Any CPU
		{53BADD5C-F9DB-F161-1E1D-6DD5027DC24D}.Release|Any CPU.ActiveCfg = Release|Any CPU
		{53BADD5C-F9DB-F161-1E1D-6DD5027DC24D}.Release|Any CPU.Build.0 = Release|Any CPU
	EndGlobalSection
	GlobalSection(SolutionProperties) = preSolution
		HideSolutionNode = FALSE
	EndGlobalSection
EndGlobal
